NeoBundleLock AnsiEsc.vim d2bb7878622e4c16203acf1c92a0f4bc7ac58003
NeoBundleLock VimClojure 2a17c249571395a7f45523d38cac6a9326ecf8f1
NeoBundleLock neobundle.vim e4e6766e7bbcac9b7048ee247f02af9020b9df29
NeoBundleLock neomru.vim 7df9999b841228661ff73909c5b9e34952331e22
NeoBundleLock neosnippet 811176b29b1a60a164c9878f8dcbe4a680ee32e5
NeoBundleLock neosnippet-snippets 1dcfdffd7e774f3634c257b8ede0173465454dac
NeoBundleLock nerdtree 3b98a7fcae8f9fff356907171f0406ff8cd28921
NeoBundleLock syntastic b340672bd03d877ede83f95ccec6a98bbd536d42
NeoBundleLock tcomment_vim eb675f0a2e847428c446e97c07e0c91fa8b6e3c5
NeoBundleLock unite.vim bccb695ee285dc5c88ae20d0a1f340e485a1a575
NeoBundleLock vim-endwise bba43b831ae0485cf9b86d16340a6a314b927391
NeoBundleLock vim-indent-guides eec1b629dc4cfa3986d20f21d4b4489732cd3f5a
NeoBundleLock vim-rails 18b5806910df63d65206593cd2001807d01cd083
NeoBundleLock vim-slime d549e80f33270d8f82a4d475e0e16cac6997fdcd
NeoBundleLock vim-trailing-whitespace d4ad27de051848e544e360482bdf076b154de0c1
NeoBundleLock vimshell 7a5726b36c61e7c88b2ea5d1d90e1fb6ad73765d
